
Microsoft Visual Studio Solution File, Format Version 12.00
# Visual Studio Version 16
VisualStudioVersion = 16.0.32228.343
MinimumVisualStudioVersion = 10.0.40219.1
Project("{FAE04EC0-301F-11D3-BF4B-00C04F79EFBC}") = "Library2.0", "Library2.0\Library2.0.csproj", "{45298232-773C-42CE-BCC3-F3C237274770}"
EndProject
Global
	GlobalSection(SolutionConfigurationPlatforms) = preSolution
		Debug|Any CPU = Debug|Any CPU
		Release|Any CPU = Release|Any CPU
	EndGlobalSection
	GlobalSection(ProjectConfigurationPlatforms) = postSolution
		{45298232-773C-42CE-BCC3-F3C237274770}.Debug|Any CPU.ActiveCfg = Debug|Any CPU
		{45298232-773C-42CE-BCC3-F3C237274770}.Debug|Any CPU.Build.0 = Debug|Any CPU
		{45298232-773C-42CE-BCC3-F3C237274770}.Release|Any CPU.ActiveCfg = Release|Any CPU
		{45298232-773C-42CE-BCC3-F3C237274770}.Release|Any CPU.Build.0 = Release|Any CPU
	EndGlobalSection
	GlobalSection(SolutionProperties) = preSolution
		HideSolutionNode = FALSE
	EndGlobalSection
	GlobalSection(ExtensibilityGlobals) = postSolution
		SolutionGuid = {E9DDB41A-2E84-49BC-8743-55BFA5F1AB05}
	EndGlobalSection
EndGlobal
